
Microsoft Visual Studio Solution File, Format Version 12.00
# Visual Studio Version 17
VisualStudioVersion = 17.8.34511.84
MinimumVisualStudioVersion = 10.0.40219.1
Project("{FAE04EC0-301F-11D3-BF4B-00C04F79EFBC}") = "Casio", "Casio\Casio.csproj", "{CCCA456B-950E-4A22-9A3D-D8825D7C5C6A}"
EndProject
Global
	GlobalSection(SolutionConfigurationPlatforms) = preSolution
		Debug|Any CPU = Debug|Any CPU
		Release|Any CPU = Release|Any CPU
	EndGlobalSection
	GlobalSection(ProjectConfigurationPlatforms) = postSolution
		{CCCA456B-950E-4A22-9A3D-D8825D7C5C6A}.Debug|Any CPU.ActiveCfg = Debug|Any CPU
		{CCCA456B-950E-4A22-9A3D-D8825D7C5C6A}.Debug|Any CPU.Build.0 = Debug|Any CPU
		{CCCA456B-950E-4A22-9A3D-D8825D7C5C6A}.Release|Any CPU.ActiveCfg = Release|Any CPU
		{CCCA456B-950E-4A22-9A3D-D8825D7C5C6A}.Release|Any CPU.Build.0 = Release|Any CPU
	EndGlobalSection
	GlobalSection(SolutionProperties) = preSolution
		HideSolutionNode = FALSE
	EndGlobalSection
	GlobalSection(ExtensibilityGlobals) = postSolution
		SolutionGuid = {A25058B4-40D3-429E-AB28-F0C979CAC343}
	EndGlobalSection
EndGlobal
